{
  "name": "session_14",
  "lockfileVersion": 3,
  "requires": true,
  "packages": {
    "": {
      "dependencies": {
        "@ckeditor/ckeditor5-build-classic": "^40.0.0",
        "ckeditor4": "^4.23.0"
      }
    },
    "node_modules/@ckeditor/ckeditor5-adapter-ckfinder": {
      "version": "40.0.0",
      "resolved": "https://registry.npmjs.org/@ckeditor/ckeditor5-adapter-ckfinder/-/ckeditor5-adapter-ckfinder-40.0.0.tgz",
      "integrity": "sha512-iSbaSUPPp2SrHY0uRAZgPvl5XQZcwdgIyL942B3IEKdlXgkOnxwXZpvPQRYnJ4StVzrM73lezHwSvvrwwqaWgA==",
      "dependencies": {
        "ckeditor5": "40.0.0"
      }
    },
    "node_modules/@ckeditor/ckeditor5-autoformat": {
      "version": "40.0.0",
      "resolved": "https://registry.npmjs.org/@ckeditor/ckeditor5-autoformat/-/ckeditor5-autoformat-40.0.0.tgz",
      "integrity": "sha512-MLgA7QhsDaSKOuU+oGbP9ztnS85Wt9XFdZmlB3+A8I2A7SY4wTTH2ijLaohdHafdKiQ9/5SZrjH3ocN5PhUzDA==",
      "dependencies": {
        "ckeditor5": "40.0.0"
      }
    },
    "node_modules/@ckeditor/ckeditor5-basic-styles": {
      "version": "40.0.0",
      "resolved": "https://registry.npmjs.org/@ckeditor/ckeditor5-basic-styles/-/ckeditor5-basic-styles-40.0.0.tgz",
      "integrity": "sha512-J7kFFfIyAX6MrQixLx7g//1jLmjnRhdZUxfJSfKY8pDAodOJmJtnU1FRwVYTSfc2pM1aKmccXDlvEYmI+uYpQw==",
      "dependencies": {
        "ckeditor5": "40.0.0"
      }
    },
    "node_modules/@ckeditor/ckeditor5-block-quote": {
      "version": "40.0.0",
      "resolved": "https://registry.npmjs.org/@ckeditor/ckeditor5-block-quote/-/ckeditor5-block-quote-40.0.0.tgz",
      "integrity": "sha512-4vzWkboHljKRelesQr+2ozMWfnSEiJBLxW8CZUPDfvZ7VZLOpo3v40QQYiR64S3tDzqmUMb6hvedrz/wHGIigg==",
      "dependencies": {
        "ckeditor5": "40.0.0"
      }
    },
    "node_modules/@ckeditor/ckeditor5-build-classic": {
      "version": "40.0.0",
      "resolved": "https://registry.npmjs.org/@ckeditor/ckeditor5-build-classic/-/ckeditor5-build-classic-40.0.0.tgz",
      "integrity": "sha512-Wv7e+GrPc5zPhaj1oNUy8Yf0RIDsK0o1tpnX8Ny3+eVXgN1AmCkUdz9iEjW/eTD2nGYuybOttNJxQqsE3X7oQg==",
      "dependencies": {
        "@ckeditor/ckeditor5-adapter-ckfinder": "40.0.0",
        "@ckeditor/ckeditor5-autoformat": "40.0.0",
        "@ckeditor/ckeditor5-basic-styles": "40.0.0",
        "@ckeditor/ckeditor5-block-quote": "40.0.0",
        "@ckeditor/ckeditor5-ckbox": "40.0.0",
        "@ckeditor/ckeditor5-ckfinder": "40.0.0",
        "@ckeditor/ckeditor5-cloud-services": "40.0.0",
        "@ckeditor/ckeditor5-easy-image": "40.0.0",
        "@ckeditor/ckeditor5-editor-classic": "40.0.0",
        "@ckeditor/ckeditor5-essentials": "40.0.0",
        "@ckeditor/ckeditor5-heading": "40.0.0",
        "@ckeditor/ckeditor5-image": "40.0.0",
        "@ckeditor/ckeditor5-indent": "40.0.0",
        "@ckeditor/ckeditor5-link": "40.0.0",
        "@ckeditor/ckeditor5-list": "40.0.0",
        "@ckeditor/ckeditor5-media-embed": "40.0.0",
        "@ckeditor/ckeditor5-paragraph": "40.0.0",
        "@ckeditor/ckeditor5-paste-from-office": "40.0.0",
        "@ckeditor/ckeditor5-table": "40.0.0",
        "@ckeditor/ckeditor5-typing": "40.0.0"
      }
    },
    "node_modules/@ckeditor/ckeditor5-ckbox": {
      "version": "40.0.0",
      "resolved": "https://registry.npmjs.org/@ckeditor/ckeditor5-ckbox/-/ckeditor5-ckbox-40.0.0.tgz",
      "integrity": "sha512-eabwMatRuQY7hez2mz3JMXE5IOrFawWTK5gLGJToeBsEJyzotzghvwdyuzDqLmhVQdTVbwqbVhkKnrSsDp8RZg==",
      "dependencies": {
        "ckeditor5": "40.0.0"
      }
    },
    "node_modules/@ckeditor/ckeditor5-ckfinder": {
      "version": "40.0.0",
      "resolved": "https://registry.npmjs.org/@ckeditor/ckeditor5-ckfinder/-/ckeditor5-ckfinder-40.0.0.tgz",
      "integrity": "sha512-NUTnFEXnYf1HVlv14WnwR7RhT5aBI0ofBl/A7D0NQQpGHZ4HB65vjX1mxXBKwpbbLsMS7kMgVEf8WKc0oCzhrA==",
      "dependencies": {
        "ckeditor5": "40.0.0"
      }
    },
    "node_modules/@ckeditor/ckeditor5-clipboard": {
      "version": "40.0.0",
      "resolved": "https://registry.npmjs.org/@ckeditor/ckeditor5-clipboard/-/ckeditor5-clipboard-40.0.0.tgz",
      "integrity": "sha512-Xtgjb4ZYa40XHqwQo25X6rA4Job0kgFvocNRMBH7CNrN5h4lJwJwVXlY9HSXvXPY0TBaBBS1HcMvB+sf5DYXeg==",
      "dependencies": {
        "@ckeditor/ckeditor5-core": "40.0.0",
        "@ckeditor/ckeditor5-engine": "40.0.0",
        "@ckeditor/ckeditor5-ui": "40.0.0",
        "@ckeditor/ckeditor5-utils": "40.0.0",
        "@ckeditor/ckeditor5-widget": "40.0.0",
        "lodash-es": "4.17.21"
      }
    },
    "node_modules/@ckeditor/ckeditor5-cloud-services": {
      "version": "40.0.0",
      "resolved": "https://registry.npmjs.org/@ckeditor/ckeditor5-cloud-services/-/ckeditor5-cloud-services-40.0.0.tgz",
      "integrity": "sha512-l22T0zgqMpsO0FoObnIb8YB7PPNsnIVCe+f4ZVPaUKT7VP27FVtEI0HIX3qhYW/hEFKiWhlbxOJYs8Ol2y/mlg==",
      "dependencies": {
        "ckeditor5": "40.0.0"
      }
    },
    "node_modules/@ckeditor/ckeditor5-core": {
      "version": "40.0.0",
      "resolved": "https://registry.npmjs.org/@ckeditor/ckeditor5-core/-/ckeditor5-core-40.0.0.tgz",
      "integrity": "sha512-8xoSDOc9/35jEikKtYbdYmBxPop7i/JYSkkZmJYbZ8XxkjQiIMAUYOJVdNntfuLGazU+THmutieEA/x3ISme4g==",
      "dependencies": {
        "@ckeditor/ckeditor5-engine": "40.0.0",
        "@ckeditor/ckeditor5-utils": "40.0.0",
        "lodash-es": "4.17.21"
      }
    },
    "node_modules/@ckeditor/ckeditor5-easy-image": {
      "version": "40.0.0",
      "resolved": "https://registry.npmjs.org/@ckeditor/ckeditor5-easy-image/-/ckeditor5-easy-image-40.0.0.tgz",
      "integrity": "sha512-hYawrY/ClxZzhKQzJmQhwSiLK8yUzNRlOSeTUtJ+VNTpEmmtzWXpQxt1Yo2VvuE1Q7wMt99tAGLALj74J2llJA==",
      "dependencies": {
        "ckeditor5": "40.0.0"
      }
    },
    "node_modules/@ckeditor/ckeditor5-editor-classic": {
      "version": "40.0.0",
      "resolved": "https://registry.npmjs.org/@ckeditor/ckeditor5-editor-classic/-/ckeditor5-editor-classic-40.0.0.tgz",
      "integrity": "sha512-tCI359WG1VmsrmqRkvBcbXWQ2cDml51l+M2fyzcJjMHJyjEqvrkrOiCKdO/66eRcD1UA6xQYtZzE/dxm7hkZWw==",
      "dependencies": {
        "ckeditor5": "40.0.0",
        "lodash-es": "4.17.21"
      }
    },
    "node_modules/@ckeditor/ckeditor5-engine": {
      "version": "40.0.0",
      "resolved": "https://registry.npmjs.org/@ckeditor/ckeditor5-engine/-/ckeditor5-engine-40.0.0.tgz",
      "integrity": "sha512-zauOXFudE1B94RSziWWojdpqGprSo4rKwW3KLU6nfaz9Kq9RZkcP/TW5ADE0DxC2jWUMeItVE/3U8ES5fZ0hqQ==",
      "dependencies": {
        "@ckeditor/ckeditor5-utils": "40.0.0",
        "lodash-es": "4.17.21"
      }
    },
    "node_modules/@ckeditor/ckeditor5-enter": {
      "version": "40.0.0",
      "resolved": "https://registry.npmjs.org/@ckeditor/ckeditor5-enter/-/ckeditor5-enter-40.0.0.tgz",
      "integrity": "sha512-pu8/zyQMqzMOgJbbPLbVu6znFfbgMYQwIVT7GMmWX+pZxPSBPyM+qNlmstFLwAxeki0aHCbo27gYmR1rIYGgrg==",
      "dependencies": {
        "@ckeditor/ckeditor5-core": "40.0.0",
        "@ckeditor/ckeditor5-engine": "40.0.0",
        "@ckeditor/ckeditor5-utils": "40.0.0"
      }
    },
    "node_modules/@ckeditor/ckeditor5-essentials": {
      "version": "40.0.0",
      "resolved": "https://registry.npmjs.org/@ckeditor/ckeditor5-essentials/-/ckeditor5-essentials-40.0.0.tgz",
      "integrity": "sha512-5e+GOlZ0vQZg0qLmORabC1XsjM1tv3hyVW+qgZeABU5Has+D5NO0TkqJDcLeDGS11/ejXGsp7ebJQ6uU6nuCHg==",
      "dependencies": {
        "ckeditor5": "40.0.0"
      }
    },
    "node_modules/@ckeditor/ckeditor5-heading": {
      "version": "40.0.0",
      "resolved": "https://registry.npmjs.org/@ckeditor/ckeditor5-heading/-/ckeditor5-heading-40.0.0.tgz",
      "integrity": "sha512-VDV8TQggkNQdReleo4Y7Gyn9A1hHB7J3efMkMgO5CzCbxVWzq6tqh285S+Kp7o2sJcezudVZoojL0jV3WxERKg==",
      "dependencies": {
        "ckeditor5": "40.0.0"
      }
    },
    "node_modules/@ckeditor/ckeditor5-image": {
      "version": "40.0.0",
      "resolved": "https://registry.npmjs.org/@ckeditor/ckeditor5-image/-/ckeditor5-image-40.0.0.tgz",
      "integrity": "sha512-5CV80EiKBaMDfpJwUqTD/2Hcl87da4PS1WU5lDlhvKimrIx+0c65MJmjWGjUdQCSyJ89+PBzj1qAwMJWVZBQ/g==",
      "dependencies": {
        "@ckeditor/ckeditor5-ui": "40.0.0",
        "ckeditor5": "40.0.0",
        "lodash-es": "4.17.21"
      }
    },
    "node_modules/@ckeditor/ckeditor5-indent": {
      "version": "40.0.0",
      "resolved": "https://registry.npmjs.org/@ckeditor/ckeditor5-indent/-/ckeditor5-indent-40.0.0.tgz",
      "integrity": "sha512-YI9gI3NiAombf0mYkgvZSB7UaMyZl3f7idPbLlsDPfeHb1oTkzxLvTfrpaxKoE7hZPjj6KrgH9gXyPLeho7O/A==",
      "dependencies": {
        "ckeditor5": "40.0.0"
      }
    },
    "node_modules/@ckeditor/ckeditor5-link": {
      "version": "40.0.0",
      "resolved": "https://registry.npmjs.org/@ckeditor/ckeditor5-link/-/ckeditor5-link-40.0.0.tgz",
      "integrity": "sha512-hi0JRC6N93N7vqpR80AG9wBGUJ0C86UYvwA8yPMThl5KtXxwwUs2L5UH+Ju3twrkan2MxMzjpPMTXqfaFSt+vA==",
      "dependencies": {
        "@ckeditor/ckeditor5-ui": "40.0.0",
        "ckeditor5": "40.0.0",
        "lodash-es": "4.17.21"
      }
    },
    "node_modules/@ckeditor/ckeditor5-list": {
      "version": "40.0.0",
      "resolved": "https://registry.npmjs.org/@ckeditor/ckeditor5-list/-/ckeditor5-list-40.0.0.tgz",
      "integrity": "sha512-sP6ZZ0rzaC2bU09DWT1k2gYJizQHaGwcX7/mTsCSpLVynkZaOU8ckBY/SChD9R54/RWADyX3woVJVHhL1v0QRQ==",
      "dependencies": {
        "@ckeditor/ckeditor5-ui": "40.0.0",
        "ckeditor5": "40.0.0"
      }
    },
    "node_modules/@ckeditor/ckeditor5-media-embed": {
      "version": "40.0.0",
      "resolved": "https://registry.npmjs.org/@ckeditor/ckeditor5-media-embed/-/ckeditor5-media-embed-40.0.0.tgz",
      "integrity": "sha512-5xmO1SVSDvEvOQF4nAjrJVSvt3+THh70MtxhRu3Wrbqt55sj6G+2IoOkdkSXtaw8vnBE67xa1qEOSX4WQ7Rxwg==",
      "dependencies": {
        "@ckeditor/ckeditor5-ui": "40.0.0",
        "ckeditor5": "40.0.0"
      }
    },
    "node_modules/@ckeditor/ckeditor5-paragraph": {
      "version": "40.0.0",
      "resolved": "https://registry.npmjs.org/@ckeditor/ckeditor5-paragraph/-/ckeditor5-paragraph-40.0.0.tgz",
      "integrity": "sha512-j2Pm/dlu3hE08EKYvbUT9qUMyJeZtuufuZjUZaADCsVmtfFuzXlaHjIkQUvCxUeuMXQLlUpJ69OSAMzzMlJs8g==",
      "dependencies": {
        "@ckeditor/ckeditor5-core": "40.0.0",
        "@ckeditor/ckeditor5-ui": "40.0.0",
        "@ckeditor/ckeditor5-utils": "40.0.0"
      }
    },
    "node_modules/@ckeditor/ckeditor5-paste-from-office": {
      "version": "40.0.0",
      "resolved": "https://registry.npmjs.org/@ckeditor/ckeditor5-paste-from-office/-/ckeditor5-paste-from-office-40.0.0.tgz",
      "integrity": "sha512-6KHXPxrcF4w81Bu7+LtC7hsMu/mAuKIeQ1kYi05dzteHjra6K6hLv6oH0JZ8U6c2zWM3qznfNxDPFae66N85Eg==",
      "dependencies": {
        "ckeditor5": "40.0.0"
      }
    },
    "node_modules/@ckeditor/ckeditor5-select-all": {
      "version": "40.0.0",
      "resolved": "https://registry.npmjs.org/@ckeditor/ckeditor5-select-all/-/ckeditor5-select-all-40.0.0.tgz",
      "integrity": "sha512-6FP/8DjKCfy9ha42hoshOj5fs13KFFRSbXcCDNFCUk/ZrvH42lz1BYw2S5uQYA9Xl6o4BUWdN+g4CVPQfpGm+Q==",
      "dependencies": {
        "@ckeditor/ckeditor5-core": "40.0.0",
        "@ckeditor/ckeditor5-ui": "40.0.0",
        "@ckeditor/ckeditor5-utils": "40.0.0"
      }
    },
    "node_modules/@ckeditor/ckeditor5-table": {
      "version": "40.0.0",
      "resolved": "https://registry.npmjs.org/@ckeditor/ckeditor5-table/-/ckeditor5-table-40.0.0.tgz",
      "integrity": "sha512-RsX1Jbnap8OwP9t1EPBS1DDjaJY74oWvUYjmp5IbamvtkFnlDP4HCmxIF4MIQ90V5u0qevydKwAqNmioue/1wA==",
      "dependencies": {
        "ckeditor5": "40.0.0",
        "lodash-es": "4.17.21"
      }
    },
    "node_modules/@ckeditor/ckeditor5-typing": {
      "version": "40.0.0",
      "resolved": "https://registry.npmjs.org/@ckeditor/ckeditor5-typing/-/ckeditor5-typing-40.0.0.tgz",
      "integrity": "sha512-c0uMXkh3kJP1wEVoh/0sLPr8Ouk4EvBuaAqSYEkrvX5wKBWAoGnUotHfrFH8wRBy25m17QbZ44N7dkA+BpuMPQ==",
      "dependencies": {
        "@ckeditor/ckeditor5-core": "40.0.0",
        "@ckeditor/ckeditor5-engine": "40.0.0",
        "@ckeditor/ckeditor5-utils": "40.0.0",
        "lodash-es": "4.17.21"
      }
    },
    "node_modules/@ckeditor/ckeditor5-ui": {
      "version": "40.0.0",
      "resolved": "https://registry.npmjs.org/@ckeditor/ckeditor5-ui/-/ckeditor5-ui-40.0.0.tgz",
      "integrity": "sha512-wnfC7eSqdN6i+nHTN83+PCByWeCPDgdQAXvf3HHBNdsJna6khKC8Oy/1eU8F+vR84unJMrPoaCMIx0qRvK3hCA==",
      "dependencies": {
        "@ckeditor/ckeditor5-core": "40.0.0",
        "@ckeditor/ckeditor5-utils": "40.0.0",
        "color-convert": "2.0.1",
        "color-parse": "1.4.2",
        "lodash-es": "4.17.21",
        "vanilla-colorful": "0.7.2"
      }
    },
    "node_modules/@ckeditor/ckeditor5-undo": {
      "version": "40.0.0",
      "resolved": "https://registry.npmjs.org/@ckeditor/ckeditor5-undo/-/ckeditor5-undo-40.0.0.tgz",
      "integrity": "sha512-kt+9Ux0RdC0OeMLp95kJW1h6d1LobOblkozU2as5VN5c20tvbXviQJuoQeJsiixmJapUmi7vvDgnVsGw9obEpQ==",
      "dependencies": {
        "@ckeditor/ckeditor5-core": "40.0.0",
        "@ckeditor/ckeditor5-engine": "40.0.0",
        "@ckeditor/ckeditor5-ui": "40.0.0"
      }
    },
    "node_modules/@ckeditor/ckeditor5-upload": {
      "version": "40.0.0",
      "resolved": "https://registry.npmjs.org/@ckeditor/ckeditor5-upload/-/ckeditor5-upload-40.0.0.tgz",
      "integrity": "sha512-LutDg8zjhJu1UKInAyvVHIk8HyroETi61KS2PQTyiTQv/DmRvjSK32Xl83KprTxAvqZsiDdXe+Nl1kdAO8S2ag==",
      "dependencies": {
        "@ckeditor/ckeditor5-core": "40.0.0",
        "@ckeditor/ckeditor5-ui": "40.0.0",
        "@ckeditor/ckeditor5-utils": "40.0.0"
      }
    },
    "node_modules/@ckeditor/ckeditor5-utils": {
      "version": "40.0.0",
      "resolved": "https://registry.npmjs.org/@ckeditor/ckeditor5-utils/-/ckeditor5-utils-40.0.0.tgz",
      "integrity": "sha512-52UwkeGxrZWhbwWWfixKceWhF1kuDeJNAM57wqfB7GS8CzElOpJ3AELeD/L/ZkUEBGL9asqribEH3CzgTjWKPA==",
      "dependencies": {
        "lodash-es": "4.17.21"
      }
    },
    "node_modules/@ckeditor/ckeditor5-watchdog": {
      "version": "40.0.0",
      "resolved": "https://registry.npmjs.org/@ckeditor/ckeditor5-watchdog/-/ckeditor5-watchdog-40.0.0.tgz",
      "integrity": "sha512-bwBimEdiUCe6/1IScWhC2vomcwApkKeb804NuxX7m7QhctKaHALV+tRVG/y8Oln3qCaw3na6C4pQgaXz0qtWcQ==",
      "dependencies": {
        "lodash-es": "4.17.21"
      }
    },
    "node_modules/@ckeditor/ckeditor5-widget": {
      "version": "40.0.0",
      "resolved": "https://registry.npmjs.org/@ckeditor/ckeditor5-widget/-/ckeditor5-widget-40.0.0.tgz",
      "integrity": "sha512-3dZjAQECWMvSMQhleM6iHwG2LOTKQmir4Rf3/Vulc7Aexb/brcQ06JuNQtQsIxRBZPoaEpWFAakK1PSfxxO0Sg==",
      "dependencies": {
        "@ckeditor/ckeditor5-core": "40.0.0",
        "@ckeditor/ckeditor5-engine": "40.0.0",
        "@ckeditor/ckeditor5-enter": "40.0.0",
        "@ckeditor/ckeditor5-typing": "40.0.0",
        "@ckeditor/ckeditor5-ui": "40.0.0",
        "@ckeditor/ckeditor5-utils": "40.0.0",
        "lodash-es": "4.17.21"
      }
    },
    "node_modules/ckeditor4": {
      "version": "4.23.0",
      "resolved": "https://registry.npmjs.org/ckeditor4/-/ckeditor4-4.23.0.tgz",
      "integrity": "sha512-K9DUzTa7roj8JffKLm6nOxDF02aPURDK8m7oFibvvkyAaomj24qOgpVdt7yvszmIubeJLbAB6q4k7Euk8jzD1A=="
    },
    "node_modules/ckeditor5": {
      "version": "40.0.0",
      "resolved": "https://registry.npmjs.org/ckeditor5/-/ckeditor5-40.0.0.tgz",
      "integrity": "sha512-pyXptFXODCyICkIaiBfWl+vqNq87CwB4IodaacUDdp+7z7szK13/vMJMWyPCQyZob+lzpakqPpj29HR5Kzy4AQ==",
      "dependencies": {
        "@ckeditor/ckeditor5-clipboard": "40.0.0",
        "@ckeditor/ckeditor5-core": "40.0.0",
        "@ckeditor/ckeditor5-engine": "40.0.0",
        "@ckeditor/ckeditor5-enter": "40.0.0",
        "@ckeditor/ckeditor5-paragraph": "40.0.0",
        "@ckeditor/ckeditor5-select-all": "40.0.0",
        "@ckeditor/ckeditor5-typing": "40.0.0",
        "@ckeditor/ckeditor5-ui": "40.0.0",
        "@ckeditor/ckeditor5-undo": "40.0.0",
        "@ckeditor/ckeditor5-upload": "40.0.0",
        "@ckeditor/ckeditor5-utils": "40.0.0",
        "@ckeditor/ckeditor5-watchdog": "40.0.0",
        "@ckeditor/ckeditor5-widget": "40.0.0"
      }
    },
    "node_modules/color-convert": {
      "version": "2.0.1",
      "resolved": "https://registry.npmjs.org/color-convert/-/color-convert-2.0.1.tgz",
      "integrity": "sha512-RRECPsj7iu/xb5oKYcsFHSppFNnsj/52OVTRKb4zP5onXwVF3zVmmToNcOfGC+CRDpfK/U584fMg38ZHCaElKQ==",
      "dependencies": {
        "color-name": "~1.1.4"
      },
      "engines": {
        "node": ">=7.0.0"
      }
    },
    "node_modules/color-name": {
      "version": "1.1.4",
      "resolved": "https://registry.npmjs.org/color-name/-/color-name-1.1.4.tgz",
      "integrity": "sha512-dOy+3AuW3a2wNbZHIuMZpTcgjGuLU/uBL/ubcZF9OXbDo8ff4O8yVp5Bf0efS8uEoYo5q4Fx7dY9OgQGXgAsQA=="
    },
    "node_modules/color-parse": {
      "version": "1.4.2",
      "resolved": "https://registry.npmjs.org/color-parse/-/color-parse-1.4.2.tgz",
      "integrity": "sha512-RI7s49/8yqDj3fECFZjUI1Yi0z/Gq1py43oNJivAIIDSyJiOZLfYCRQEgn8HEVAj++PcRe8AnL2XF0fRJ3BTnA==",
      "dependencies": {
        "color-name": "^1.0.0"
      }
    },
    "node_modules/lodash-es": {
      "version": "4.17.21",
      "resolved": "https://registry.npmjs.org/lodash-es/-/lodash-es-4.17.21.tgz",
      "integrity": "sha512-mKnC+QJ9pWVzv+C4/U3rRsHapFfHvQFoFB92e52xeyGMcX6/OlIl78je1u8vePzYZSkkogMPJ2yjxxsb89cxyw=="
    },
    "node_modules/vanilla-colorful": {
      "version": "0.7.2",
      "resolved": "https://registry.npmjs.org/vanilla-colorful/-/vanilla-colorful-0.7.2.tgz",
      "integrity": "sha512-z2YZusTFC6KnLERx1cgoIRX2CjPRP0W75N+3CC6gbvdX5Ch47rZkEMGO2Xnf+IEmi3RiFLxS18gayMA27iU7Kg=="
    }
  }
}
